{
  "pins" : [
    {
      "identity" : "defaults",
      "kind" : "remoteSourceControl",
      "location" : "https://github.com/sindresorhus/Defaults",
      "state" : {
        "revision" : "0f5a23fcbd83eb72f6d405aa85bbfacaffb99b03",
        "version" : "7.2.0"
      }
    },
    {
      "identity" : "sharedcore",
      "kind" : "remoteSourceControl",
      "location" : "https://github.com/LanternApps/SharedCore",
      "state" : {
        "branch" : "main",
        "revision" : "c61d7b93710a0ae6cbabd5236151725d1e8be7ab"
      }
    },
    {
      "identity" : "sharedui",
      "kind" : "remoteSourceControl",
      "location" : "https://github.com/LanternApps/SharedUI",
      "state" : {
        "branch" : "main",
        "revision" : "192e54420bf490c00866aa8a3c3a21b471a41aba"
      }
    },
    {
      "identity" : "smoothoperators",
      "kind" : "remoteSourceControl",
      "location" : "https://github.com/Pyroh/SmoothOperators",
      "state" : {
        "revision" : "dd013309755d75d8636fd7fb89bb25da34b92c7e",
        "version" : "0.20.0"
      }
    },
    {
      "identity" : "swiftui-introspect",
      "kind" : "remoteSourceControl",
      "location" : "https://github.com/siteline/SwiftUI-Introspect",
      "state" : {
        "revision" : "ccb973cfff703cba53fb88197413485c060eb26b",
        "version" : "0.10.0"
      }
    },
    {
      "identity" : "swiftuiflows",
      "kind" : "remoteSourceControl",
      "location" : "https://github.com/lonkly/SwiftUIFlows",
      "state" : {
        "branch" : "main",
        "revision" : "3c2ac25bfd5ff716f808088cde8cb773ca2c1981"
      }
    }
  ],
  "version" : 2
}
